
Microsoft Visual Studio Solution File, Format Version 12.00
# Visual Studio 15
VisualStudioVersion = 15.0.28010.2041
MinimumVisualStudioVersion = 10.0.40219.1
Project("{FAE04EC0-301F-11D3-BF4B-00C04F79EFBC}") = "DistDataAcquisition", "DistDataAquisition\DistDataAcquisition.csproj", "{0DF9B362-5B68-46A0-A126-A001DEE2CC58}"
EndProject
Project("{FAE04EC0-301F-11D3-BF4B-00C04F79EFBC}") = "Scheduler", "Scheduler\Scheduler.csproj", "{7E39B98D-23C5-4264-AA4A-494DE96646CB}"
EndProject
Global
	GlobalSection(SolutionConfigurationPlatforms) = preSolution
		Debug|Any CPU = Debug|Any CPU
		Release|Any CPU = Release|Any CPU
	EndGlobalSection
	GlobalSection(ProjectConfigurationPlatforms) = postSolution
		{0DF9B362-5B68-46A0-A126-A001DEE2CC58}.Debug|Any CPU.ActiveCfg = Debug|Any CPU
		{0DF9B362-5B68-46A0-A126-A001DEE2CC58}.Debug|Any CPU.Build.0 = Debug|Any CPU
		{0DF9B362-5B68-46A0-A126-A001DEE2CC58}.Release|Any CPU.ActiveCfg = Release|Any CPU
		{0DF9B362-5B68-46A0-A126-A001DEE2CC58}.Release|Any CPU.Build.0 = Release|Any CPU
		{7E39B98D-23C5-4264-AA4A-494DE96646CB}.Debug|Any CPU.ActiveCfg = Debug|Any CPU
		{7E39B98D-23C5-4264-AA4A-494DE96646CB}.Debug|Any CPU.Build.0 = Debug|Any CPU
		{7E39B98D-23C5-4264-AA4A-494DE96646CB}.Release|Any CPU.ActiveCfg = Release|Any CPU
		{7E39B98D-23C5-4264-AA4A-494DE96646CB}.Release|Any CPU.Build.0 = Release|Any CPU
	EndGlobalSection
	GlobalSection(SolutionProperties) = preSolution
		HideSolutionNode = FALSE
	EndGlobalSection
	GlobalSection(ExtensibilityGlobals) = postSolution
		SolutionGuid = {4CA11880-9B81-469E-98CF-C065F01A12D7}
	EndGlobalSection
EndGlobal
